# This file is generated by running "yarn install" inside your project.
# Manual changes might be lost - proceed with caution!

__metadata:
  version: 8
  cacheKey: 10

"@synthetixio/v3-contracts@npm:^4.0.0":
  version: 4.0.0
  resolution: "@synthetixio/v3-contracts@npm:4.0.0"
  checksum: 10/484892eb4b789b7a13eb7275716f5277297441a1d1819f22e7109c8e1bd19209ec8e04fb5f1ed215413a069f27dc5e2e3b20babcf73cb241a78139538cd9b0c0
  languageName: node
  linkType: hard

"@synthetixio/v3-hooks@workspace:.":
  version: 0.0.0-use.local
  resolution: "@synthetixio/v3-hooks@workspace:."
  dependencies:
    "@synthetixio/v3-contracts": "npm:^4.0.0"
    prettier: "npm:^3.2.5"
  languageName: unknown
  linkType: soft

"prettier@npm:^3.2.5":
  version: 3.2.5
  resolution: "prettier@npm:3.2.5"
  bin:
    prettier: bin/prettier.cjs
  checksum: 10/d509f9da0b70e8cacc561a1911c0d99ec75117faed27b95cc8534cb2349667dee6351b0ca83fa9d5703f14127faa52b798de40f5705f02d843da133fc3aa416a
  languageName: node
  linkType: hard
